
Microsoft Visual Studio Solution File, Format Version 12.00
# Visual Studio Version 17
VisualStudioVersion = 17.9.34714.143
MinimumVisualStudioVersion = 10.0.40219.1
Project("{FAE04EC0-301F-11D3-BF4B-00C04F79EFBC}") = "lab 3", "lab 3\lab 3.csproj", "{A4077593-4A14-44F0-807D-4CFC9CBA0EAA}"
EndProject
Global
	GlobalSection(SolutionConfigurationPlatforms) = preSolution
		Debug|Any CPU = Debug|Any CPU
		Release|Any CPU = Release|Any CPU
	EndGlobalSection
	GlobalSection(ProjectConfigurationPlatforms) = postSolution
		{A4077593-4A14-44F0-807D-4CFC9CBA0EAA}.Debug|Any CPU.ActiveCfg = Debug|Any CPU
		{A4077593-4A14-44F0-807D-4CFC9CBA0EAA}.Debug|Any CPU.Build.0 = Debug|Any CPU
		{A4077593-4A14-44F0-807D-4CFC9CBA0EAA}.Release|Any CPU.ActiveCfg = Release|Any CPU
		{A4077593-4A14-44F0-807D-4CFC9CBA0EAA}.Release|Any CPU.Build.0 = Release|Any CPU
	EndGlobalSection
	GlobalSection(SolutionProperties) = preSolution
		HideSolutionNode = FALSE
	EndGlobalSection
	GlobalSection(ExtensibilityGlobals) = postSolution
		SolutionGuid = {94DDAC72-7FB5-4A37-BB1C-18A405F36E1E}
	EndGlobalSection
EndGlobal
